#MicroXplorer Configuration settings - do not modify
Mcu.Family=STM32F1
SH.GPXTI1.0=GPIO_EXTI1
ProjectManager.MainLocation=Core/Src
RCC.MCOFreq_Value=72000000
PB13.GPIOParameters=GPIO_Label
ProjectManager.KeepUserCode=true
Mcu.UserName=STM32F103C8Tx
SH.GPXTI9.0=GPIO_EXTI9
PA10.GPIO_PuPd=GPIO_PULLUP
RCC.PLLCLKFreq_Value=72000000
PB14.GPIO_Label=ledRojo
PC13-TAMPER-RTC.GPIOParameters=GPIO_Label
PA12.GPIOParameters=PinState,GPIO_Label
ProjectManager.functionlistsort=1-MX_GPIO_Init-GPIO-false-HAL-true,2-SystemClock_Config-RCC-false-HAL-false,3-MX_I2C1_Init-I2C1-false-HAL-true,4-MX_TIM2_Init-TIM2-false-HAL-true
PA9.GPIOParameters=GPIO_PuPd,GPIO_Label,GPIO_ModeDefaultEXTI
PA11.GPIOParameters=GPIO_PuPd,GPIO_Label,GPIO_ModeDefaultEXTI
RCC.ADCFreqValue=12000000
NVIC.TIM1_UP_IRQn=true\:0\:0\:false\:false\:true\:false\:true
PA11.GPIO_PuPd=GPIO_PULLUP
PB13.GPIO_Label=acAlarma
PB13.Signal=GPIO_Output
PB15.Signal=GPIO_Output
PinOutPanel.RotationAngle=0
RCC.SYSCLKSource=RCC_SYSCLKSOURCE_PLLCLK
ProjectManager.StackSize=0x400
PD1-OSC_OUT.Signal=RCC_OSC_OUT
Mcu.IP4=TIM2
RCC.FCLKCortexFreq_Value=72000000
NVIC.SVCall_IRQn=true\:0\:0\:false\:false\:true\:false\:false
Mcu.IP2=RCC
Mcu.IP3=SYS
PA15.GPIO_Label=fil3
PB4.GPIOParameters=GPIO_Label
Mcu.IP0=I2C1
PA12.Locked=true
Mcu.IP1=NVIC
NVIC.EXTI1_IRQn=true\:8\:0\:true\:false\:true\:true\:true
PA12.Signal=GPIO_Output
Mcu.UserConstants=
PB3.PinState=GPIO_PIN_RESET
Mcu.ThirdPartyNb=0
PB1.GPIO_PuPd=GPIO_PULLDOWN
RCC.HCLKFreq_Value=72000000
Mcu.IPNb=5
TIM2.IPParameters=Period,Prescaler
ProjectManager.PreviousToolchain=
RCC.APB2TimFreq_Value=72000000
PB1.GPIO_ModeDefaultEXTI=GPIO_MODE_IT_FALLING
PA8.GPIOParameters=GPIO_PuPd,GPIO_Label,GPIO_ModeDefaultEXTI
Mcu.Pin6=PB14
VP_TIM2_VS_ClockSourceINT.Signal=TIM2_VS_ClockSourceINT
Mcu.Pin7=PB15
Mcu.Pin8=PA8
Mcu.Pin9=PA9
RCC.AHBFreq_Value=72000000
PB13.Locked=true
Mcu.Pin0=PC13-TAMPER-RTC
Mcu.Pin1=PD0-OSC_IN
GPIO.groupedBy=Group By Peripherals
Mcu.Pin2=PD1-OSC_OUT
Mcu.Pin3=PB1
Mcu.Pin4=PB12
NVIC.EXTI15_10_IRQn=true\:8\:0\:true\:false\:true\:true\:true
Mcu.Pin5=PB13
PA12.PinState=GPIO_PIN_RESET
ProjectManager.ProjectBuild=false
NVIC.UsageFault_IRQn=true\:0\:0\:false\:false\:true\:false\:false
NVIC.DebugMonitor_IRQn=true\:0\:0\:false\:false\:true\:false\:false
PA8.Locked=true
NVIC.SysTick_IRQn=true\:0\:0\:false\:false\:true\:false\:true
RCC.PLLMUL=RCC_PLL_MUL9
PB12.GPIO_Label=acPuerta
ProjectManager.FirmwarePackage=STM32Cube FW_F1 V1.8.5
MxDb.Version=DB.6.0.21
ProjectManager.BackupPrevious=false
PA14.Mode=Serial_Wire
VP_SYS_VS_tim1.Mode=TIM1
PB1.GPIO_Label=PA
NVIC.TIM2_IRQn=true\:8\:0\:true\:false\:true\:true\:true
File.Version=6
PA10.GPIO_Label=col2
PB3.GPIOParameters=PinState,GPIO_Label
PB8.Locked=true
PA8.Signal=GPXTI8
SH.GPXTI11.ConfNb=1
NVIC.PendSV_IRQn=true\:0\:0\:false\:false\:true\:false\:false
ProjectManager.HalAssertFull=false
ProjectManager.ProjectName=td3_ega_2024
RCC.PLLMCOFreq_Value=36000000
Mcu.Package=LQFP48
PB9.Signal=I2C1_SDA
TIM2.Prescaler=10000
PB1.Signal=GPXTI1
NVIC.TimeBase=TIM1_UP_IRQn
SH.GPXTI11.0=GPIO_EXTI11
PA8.GPIO_ModeDefaultEXTI=GPIO_MODE_IT_FALLING
PA10.GPIO_ModeDefaultEXTI=GPIO_MODE_IT_FALLING
SH.GPXTI8.0=GPIO_EXTI8
ProjectManager.ToolChainLocation=
NVIC.TimeBaseIP=TIM1
SH.GPXTI8.ConfNb=1
PA10.Signal=GPXTI10
PA15.Signal=GPIO_Output
PB14.GPIOParameters=GPIO_Label
RCC.APB1TimFreq_Value=72000000
NVIC.BusFault_IRQn=true\:0\:0\:false\:false\:true\:false\:false
ProjectManager.CustomerFirmwarePackage=
PB15.Locked=true
PB3.Locked=true
PB4.Signal=GPIO_Output
PB3.GPIO_Label=fil2
SH.GPXTI10.0=GPIO_EXTI10
RCC.PLLSourceVirtual=RCC_PLLSOURCE_HSE
ProjectManager.ProjectFileName=td3_ega_2024.ioc
PD1-OSC_OUT.Mode=HSE-External-Oscillator
PA15.GPIOParameters=PinState,GPIO_Label
Mcu.PinsNb=22
ProjectManager.NoMain=false
PA9.GPIO_Label=col3
PC13-TAMPER-RTC.Signal=GPIO_Output
PA11.GPIO_Label=col1
ProjectManager.DefaultFWLocation=true
PD0-OSC_IN.Signal=RCC_OSC_IN
PB12.Locked=true
ProjectManager.DeletePrevious=true
PB14.Locked=true
RCC.APB1CLKDivider=RCC_HCLK_DIV2
PA9.GPIO_PuPd=GPIO_PULLUP
PA12.GPIO_Label=fil4
RCC.FamilyName=M
RCC.ADCPresc=RCC_ADCPCLK2_DIV6
PA13.Signal=SYS_JTMS-SWDIO
PA15.Locked=true
PA11.Locked=true
PA8.GPIO_Label=col4
ProjectManager.TargetToolchain=STM32CubeIDE
PB9.Mode=I2C
PA9.Signal=GPXTI9
PB9.Locked=true
ProjectManager.RegisterCallBack=
PC13-TAMPER-RTC.Locked=true
RCC.USBFreq_Value=72000000
PB1.Locked=true
PD0-OSC_IN.Mode=HSE-External-Oscillator
PB14.Signal=GPIO_Output
board=custom
ProjectManager.LastFirmware=true
PC13-TAMPER-RTC.GPIO_Label=builtinLed
RCC.VCOOutput2Freq_Value=8000000
PA15.PinState=GPIO_PIN_RESET
RCC.APB2Freq_Value=72000000
MxCube.Version=6.2.1
PB4.GPIO_Label=fil1
PB15.GPIO_Label=ledVerde
VP_TIM2_VS_ClockSourceINT.Mode=Internal
VP_SYS_VS_tim1.Signal=SYS_VS_tim1
PA10.GPIOParameters=GPIO_PuPd,GPIO_Label,GPIO_ModeDefaultEXTI
PA9.Locked=true
NVIC.NonMaskableInt_IRQn=true\:0\:0\:false\:false\:true\:false\:false
TIM2.Period=65000
PB15.GPIOParameters=GPIO_Label
PA13.Mode=Serial_Wire
ProjectManager.FreePins=false
RCC.IPParameters=ADCFreqValue,ADCPresc,AHBFreq_Value,APB1CLKDivider,APB1Freq_Value,APB1TimFreq_Value,APB2Freq_Value,APB2TimFreq_Value,FCLKCortexFreq_Value,FamilyName,HCLKFreq_Value,MCOFreq_Value,PLLCLKFreq_Value,PLLMCOFreq_Value,PLLMUL,PLLSourceVirtual,SYSCLKFreq_VALUE,SYSCLKSource,TimSysFreq_Value,USBFreq_Value,VCOOutput2Freq_Value
ProjectManager.AskForMigrate=true
Mcu.Name=STM32F103C(8-B)Tx
ProjectManager.UnderRoot=true
ProjectManager.CoupleFile=false
PB4.Locked=true
PB3.Signal=GPIO_Output
RCC.SYSCLKFreq_VALUE=72000000
RCC.TimSysFreq_Value=72000000
Mcu.Pin20=VP_SYS_VS_tim1
Mcu.Pin21=VP_TIM2_VS_ClockSourceINT
PA10.Locked=true
NVIC.ForceEnableDMAVector=true
KeepUserPlacement=false
NVIC.MemoryManagement_IRQn=true\:0\:0\:false\:false\:true\:false\:false
ProjectManager.CompilerOptimize=6
PA11.Signal=GPXTI11
SH.GPXTI9.ConfNb=1
NVIC.EXTI9_5_IRQn=true\:8\:0\:true\:false\:true\:true\:true
PA14.Signal=SYS_JTCK-SWCLK
ProjectManager.HeapSize=0x200
Mcu.Pin15=PA15
NVIC.HardFault_IRQn=true\:0\:0\:false\:false\:true\:false\:false
Mcu.Pin16=PB3
Mcu.Pin13=PA13
Mcu.Pin14=PA14
Mcu.Pin19=PB9
ProjectManager.ComputerToolchain=false
Mcu.Pin17=PB4
PA8.GPIO_PuPd=GPIO_PULLUP
Mcu.Pin18=PB8
NVIC.PriorityGroup=NVIC_PRIORITYGROUP_4
Mcu.Pin11=PA11
Mcu.Pin12=PA12
PB8.Mode=I2C
PA9.GPIO_ModeDefaultEXTI=GPIO_MODE_IT_FALLING
Mcu.Pin10=PA10
SH.GPXTI10.ConfNb=1
PB8.Signal=I2C1_SCL
SH.GPXTI1.ConfNb=1
PA11.GPIO_ModeDefaultEXTI=GPIO_MODE_IT_FALLING
RCC.APB1Freq_Value=36000000
ProjectManager.DeviceId=STM32F103C8Tx
PB12.GPIOParameters=GPIO_Label
PB12.Signal=GPIO_Output
ProjectManager.LibraryCopy=1
PB1.GPIOParameters=GPIO_PuPd,GPIO_Label,GPIO_ModeDefaultEXTI
isbadioc=false
